{
  "name": "wordpress-calendar-booking-assets",
  "version": "3.19.2-dev",
  "lockfileVersion": 3,
  "requires": true,
  "packages": {
    "": {
      "name": "wordpress-calendar-booking-assets",
      "version": "3.19.2-dev",
      "dependencies": {
        "uikit": "3.25.23"
      }
    },
    "node_modules/uikit": {
      "version": "3.25.23",
      "resolved": "https://registry.npmjs.org/uikit/-/uikit-3.25.23.tgz",
      "integrity": "sha512-UPTQKbWWX7gaWIEN5OhaxCVazcQms5jJe0tOFetGqPrSnVifgMP/8Ev4WkwviXh4gpUMsJq/Mp37Q791BYxflw==",
      "license": "MIT"
    }
  }
}
